
Microsoft Visual Studio Solution File, Format Version 12.00
# Visual Studio Version 16
VisualStudioVersion = 16.0.30503.244
MinimumVisualStudioVersion = 10.0.40219.1
Project("{FAE04EC0-301F-11D3-BF4B-00C04F79EFBC}") = "JishoBot", "JishoBot.csproj", "{B73A7D91-6488-4FF6-AEB4-0FDEE14B3D57}"
EndProject
Global
	GlobalSection(SolutionConfigurationPlatforms) = preSolution
		Debug|Any CPU = Debug|Any CPU
		Release|Any CPU = Release|Any CPU
	EndGlobalSection
	GlobalSection(ProjectConfigurationPlatforms) = postSolution
		{B73A7D91-6488-4FF6-AEB4-0FDEE14B3D57}.Debug|Any CPU.ActiveCfg = Debug|Any CPU
		{B73A7D91-6488-4FF6-AEB4-0FDEE14B3D57}.Debug|Any CPU.Build.0 = Debug|Any CPU
		{B73A7D91-6488-4FF6-AEB4-0FDEE14B3D57}.Release|Any CPU.ActiveCfg = Release|Any CPU
		{B73A7D91-6488-4FF6-AEB4-0FDEE14B3D57}.Release|Any CPU.Build.0 = Release|Any CPU
	EndGlobalSection
	GlobalSection(SolutionProperties) = preSolution
		HideSolutionNode = FALSE
	EndGlobalSection
	GlobalSection(ExtensibilityGlobals) = postSolution
		SolutionGuid = {31840502-28C3-42BC-8A9F-D9A1D853EE63}
	EndGlobalSection
EndGlobal
